
Microsoft Visual Studio Solution File, Format Version 12.00
# Visual Studio Version 17
VisualStudioVersion = 17.10.35122.118
MinimumVisualStudioVersion = 10.0.40219.1
Project("{FAE04EC0-301F-11D3-BF4B-00C04F79EFBC}") = "BankkonsolApplikation", "BankkonsolApplikation.csproj", "{00E5E0FB-ED0B-4D2A-BE45-7E2E40401447}"
EndProject
Global
	GlobalSection(SolutionConfigurationPlatforms) = preSolution
		Debug|Any CPU = Debug|Any CPU
		Release|Any CPU = Release|Any CPU
	EndGlobalSection
	GlobalSection(ProjectConfigurationPlatforms) = postSolution
		{00E5E0FB-ED0B-4D2A-BE45-7E2E40401447}.Debug|Any CPU.ActiveCfg = Debug|Any CPU
		{00E5E0FB-ED0B-4D2A-BE45-7E2E40401447}.Debug|Any CPU.Build.0 = Debug|Any CPU
		{00E5E0FB-ED0B-4D2A-BE45-7E2E40401447}.Release|Any CPU.ActiveCfg = Release|Any CPU
		{00E5E0FB-ED0B-4D2A-BE45-7E2E40401447}.Release|Any CPU.Build.0 = Release|Any CPU
	EndGlobalSection
	GlobalSection(SolutionProperties) = preSolution
		HideSolutionNode = FALSE
	EndGlobalSection
	GlobalSection(ExtensibilityGlobals) = postSolution
		SolutionGuid = {30EE3214-2EEA-440D-8294-C3EE2ADA0799}
	EndGlobalSection
EndGlobal
